// !$*UTF8*$!
{
	archiveVersion = 1;
	classes = {
	};
	objectVersion = 46;
	objects = {

/* Begin PBXBuildFile section */
		03E06AAF174B06A200033ADE /* UIKit.framework in Frameworks */ = {isa = PBXBuildFile; fileRef = 03E06AAE174B06A200033ADE /* UIKit.framework */; };
		03E06AB1174B06A200033ADE /* Foundation.framework in Frameworks */ = {isa = PBXBuildFile; fileRef = 03E06AB0174B06A200033ADE /* Foundation.framework */; };
		03E06AB3174B06A200033ADE /* CoreGraphics.framework in Frameworks */ = {isa = PBXBuildFile; fileRef = 03E06AB2174B06A200033ADE /* CoreGraphics.framework */; };
		03E06AB9174B06A200033ADE /* InfoPlist.strings in Resources */ = {isa = PBXBuildFile; fileRef = 03E06AB7174B06A200033ADE /* InfoPlist.strings */; };
		03E06ABB174B06A200033ADE /* main.m in Sources */ = {isa = PBXBuildFile; fileRef = 03E06ABA174B06A200033ADE /* main.m */; };
		03E06ABF174B06A200033ADE /* AppDelegate.m in Sources */ = {isa = PBXBuildFile; fileRef = 03E06ABE174B06A200033ADE /* AppDelegate.m */; };
		03E06AC1174B06A200033ADE /* Default.png in Resources */ = {isa = PBXBuildFile; fileRef = 03E06AC0174B06A200033ADE /* Default.png */; };
		03E06AC3174B06A200033ADE /* Default@2x.png in Resources */ = {isa = PBXBuildFile; fileRef = 03E06AC2174B06A200033ADE /* Default@2x.png */; };
		03E06AC5174B06A200033ADE /* Default-568h@2x.png in Resources */ = {isa = PBXBuildFile; fileRef = 03E06AC4174B06A200033ADE /* Default-568h@2x.png */; };
		03E06AC8174B06A200033ADE /* MainStoryboard.storyboard in Resources */ = {isa = PBXBuildFile; fileRef = 03E06AC6174B06A200033ADE /* MainStoryboard.storyboard */; };
		03E06ACB174B06A200033ADE /* ViewController.m in Sources */ = {isa = PBXBuildFile; fileRef = 03E06ACA174B06A200033ADE /* ViewController.m */; };
/* End PBXBuildFile section */

/* Begin PBXFileReference section */
		032678BE174B0C390088B313 /* Base */ = {isa = PBXFileReference; lastKnownFileType = file.storyboard; name = Base; path = Base.lproj/MainStoryboard.storyboard; sourceTree = "<group>"; };
		03E06AAB174B06A200033ADE /* Demo.app */ = {isa = PBXFileReference; explicitFileType = wrapper.application; includeInIndex = 0; path = Demo.app; sourceTree = BUILT_PRODUCTS_DIR; };
		03E06AAE174B06A200033ADE /* UIKit.framework */ = {isa = PBXFileReference; lastKnownFileType = wrapper.framework; name = UIKit.framework; path = System/Library/Frameworks/UIKit.framework; sourceTree = SDKROOT; };
		03E06AB0174B06A200033ADE /* Foundation.framework */ = {isa = PBXFileReference; lastKnownFileType = wrapper.framework; name = Foundation.framework; path = System/Library/Frameworks/Foundation.framework; sourceTree = SDKROOT; };
		03E06AB2174B06A200033ADE /* CoreGraphics.framework */ = {isa = PBXFileReference; lastKnownFileType = wrapper.framework; name = CoreGraphics.framework; path = System/Library/Frameworks/CoreGraphics.framework; sourceTree = SDKROOT; };
		03E06AB6174B06A200033ADE /* Demo-Info.plist */ = {isa = PBXFileReference; lastKnownFileType = text.plist.xml; path = "Demo-Info.plist"; sourceTree = "<group>"; };
		03E06AB8174B06A200033ADE /* en */ = {isa = PBXFileReference; lastKnownFileType = text.plist.strings; name = en; path = en.lproj/InfoPlist.strings; sourceTree = "<group>"; };
		03E06ABA174B06A200033ADE /* main.m */ = {isa = PBXFileReference; lastKnownFileType = sourcecode.c.objc; path = main.m; sourceTree = "<group>"; };
		03E06ABC174B06A200033ADE /* Demo-Prefix.pch */ = {isa = PBXFileReference; lastKnownFileType = sourcecode.c.h; path = "Demo-Prefix.pch"; sourceTree = "<group>"; };
		03E06ABD174B06A200033ADE /* AppDelegate.h */ = {isa = PBXFileReference; lastKnownFileType = sourcecode.c.h; path = AppDelegate.h; sourceTree = "<group>"; };
		03E06ABE174B06A200033ADE /* AppDelegate.m */ = {isa = PBXFileReference; lastKnownFileType = sourcecode.c.objc; path = AppDelegate.m; sourceTree = "<group>"; };
		03E06AC0174B06A200033ADE /* Default.png */ = {isa = PBXFileReference; lastKnownFileType = image.png; path = Default.png; sourceTree = "<group>"; };
		03E06AC2174B06A200033ADE /* Default@2x.png */ = {isa = PBXFileReference; lastKnownFileType = image.png; path = "Default@2x.png"; sourceTree = "<group>"; };
		03E06AC4174B06A200033ADE /* Default-568h@2x.png */ = {isa = PBXFileReference; lastKnownFileType = image.png; path = "Default-568h@2x.png"; sourceTree = "<group>"; };
		03E06AC9174B06A200033ADE /* ViewController.h */ = {isa = PBXFileReference; lastKnownFileType = sourcecode.c.h; path = ViewController.h; sourceTree = "<group>"; };
		03E06ACA174B06A200033ADE /* ViewController.m */ = {isa = PBXFileReference; lastKnownFileType = sourcecode.c.objc; path = ViewController.m; sourceTree = "<group>"; };
/* End PBXFileReference section */

/* Begin PBXFrameworksBuildPhase section */
		03E06AA8174B06A200033ADE /* Frameworks */ = {
			isa = PBXFrameworksBuildPhase;
			buildActionMask = 2147483647;
			files = (
				03E06AAF174B06A200033ADE /* UIKit.framework in Frameworks */,
				03E06AB1174B06A200033ADE /* Foundation.framework in Frameworks */,
				03E06AB3174B06A200033ADE /* CoreGraphics.framework in Frameworks */,
			);
			runOnlyForDeploymentPostprocessing = 0;
		};
/* End PBXFrameworksBuildPhase section */

/* Begin PBXGroup section */
		03E06AA2174B06A200033ADE = {
			isa = PBXGroup;
			children = (
				03E06AB4174B06A200033ADE /* Demo */,
				03E06AAD174B06A200033ADE /* Frameworks */,
				03E06AAC174B06A200033ADE /* Products */,
			);
			sourceTree = "<group>";
		};
		03E06AAC174B06A200033ADE /* Products */ = {
			isa = PBXGroup;
			children = (
				03E06AAB174B06A200033ADE /* Demo.app */,
			);
			name = Products;
			sourceTree = "<group>";
		};
		03E06AAD174B06A200033ADE /* Frameworks */ = {
			isa = PBXGroup;
			children = (
				03E06AAE174B06A200033ADE /* UIKit.framework */,
				03E06AB0174B06A200033ADE /* Foundation.framework */,
				03E06AB2174B06A200033ADE /* CoreGraphics.framework */,
			);
			name = Frameworks;
			sourceTree = "<group>";
		};
		03E06AB4174B06A200033ADE /* Demo */ = {
			isa = PBXGroup;
			children = (
				03E06ABD174B06A200033ADE /* AppDelegate.h */,
				03E06ABE174B06A200033ADE /* AppDelegate.m */,
				03E06AC6174B06A200033ADE /* MainStoryboard.storyboard */,
				03E06AC9174B06A200033ADE /* ViewController.h */,
				03E06ACA174B06A200033ADE /* ViewController.m */,
				03E06AB5174B06A200033ADE /* Supporting Files */,
			);
			path = Demo;
			sourceTree = "<group>";
		};
		03E06AB5174B06A200033ADE /* Supporting Files */ = {
			isa = PBXGroup;
			children = (
				03E06AB6174B06A200033ADE /* Demo-Info.plist */,
				03E06AB7174B06A200033ADE /* InfoPlist.strings */,
				03E06ABA174B06A200033ADE /* main.m */,
				03E06ABC174B06A200033ADE /* Demo-Prefix.pch */,
				03E06AC0174B06A200033ADE /* Default.png */,
				03E06AC2174B06A200033ADE /* Default@2x.png */,
				03E06AC4174B06A200033ADE /* Default-568h@2x.png */,
			);
			name = "Supporting Files";
			sourceTree = "<group>";
		};
/* End PBXGroup section */

/* Begin PBXNativeTarget section */
		03E06AAA174B06A200033ADE /* Demo */ = {
			isa = PBXNativeTarget;
			buildConfigurationList = 03E06ACE174B06A200033ADE /* Build configuration list for PBXNativeTarget "Demo" */;
			buildPhases = (
				03E06AA7174B06A200033ADE /* Sources */,
				03E06AA8174B06A200033ADE /* Frameworks */,
				03E06AA9174B06A200033ADE /* Resources */,
			);
			buildRules = (
			);
			dependencies = (
			);
			name = Demo;
			productName = Demo;
			productReference = 03E06AAB174B06A200033ADE /* Demo.app */;
			productType = "com.apple.product-type.application";
		};
/* End PBXNativeTarget section */

/* Begin PBXProject section */
		03E06AA3174B06A200033ADE /* Project object */ = {
			isa = PBXProject;
			attributes = {
				LastUpgradeCheck = 0460;
				ORGANIZATIONNAME = Transifex;
			};
			buildConfigurationList = 03E06AA6174B06A200033ADE /* Build configuration list for PBXProject "Demo" */;
			compatibilityVersion = "Xcode 3.2";
			developmentRegion = English;
			hasScannedForEncodings = 0;
			knownRegions = (
				en,
				Base,
			);
			mainGroup = 03E06AA2174B06A200033ADE;
			productRefGroup = 03E06AAC174B06A200033ADE /* Products */;
			projectDirPath = "";
			projectRoot = "";
			targets = (
				03E06AAA174B06A200033ADE /* Demo */,
			);
		};
/* End PBXProject section */

/* Begin PBXResourcesBuildPhase section */
		03E06AA9174B06A200033ADE /* Resources */ = {
			isa = PBXResourcesBuildPhase;
			buildActionMask = 2147483647;
			files = (
				03E06AB9174B06A200033ADE /* InfoPlist.strings in Resources */,
				03E06AC1174B06A200033ADE /* Default.png in Resources */,
				03E06AC3174B06A200033ADE /* Default@2x.png in Resources */,
				03E06AC5174B06A200033ADE /* Default-568h@2x.png in Resources */,
				03E06AC8174B06A200033ADE /* MainStoryboard.storyboard in Resources */,
			);
			runOnlyForDeploymentPostprocessing = 0;
		};
/* End PBXResourcesBuildPhase section */

/* Begin PBXSourcesBuildPhase section */
		03E06AA7174B06A200033ADE /* Sources */ = {
			isa = PBXSourcesBuildPhase;
			buildActionMask = 2147483647;
			files = (
				03E06ABB174B06A200033ADE /* main.m in Sources */,
				03E06ABF174B06A200033ADE /* AppDelegate.m in Sources */,
				03E06ACB174B06A200033ADE /* ViewController.m in Sources */,
			);
			runOnlyForDeploymentPostprocessing = 0;
		};
/* End PBXSourcesBuildPhase section */

/* Begin PBXVariantGroup section */
		03E06AB7174B06A200033ADE /* InfoPlist.strings */ = {
			isa = PBXVariantGroup;
			children = (
				03E06AB8174B06A200033ADE /* en */,
			);
			name = InfoPlist.strings;
			sourceTree = "<group>";
		};
		03E06AC6174B06A200033ADE /* MainStoryboard.storyboard */ = {
			isa = PBXVariantGroup;
			children = (
				032678BE174B0C390088B313 /* Base */,
			);
			name = MainStoryboard.storyboard;
			sourceTree = "<group>";
		};
/* End PBXVariantGroup section */

/* Begin XCBuildConfiguration section */
		03E06ACC174B06A200033ADE /* Debug */ = {
			isa = XCBuildConfiguration;
			buildSettings = {
				ALWAYS_SEARCH_USER_PATHS = NO;
				CLANG_CXX_LANGUAGE_STANDARD = "gnu++0x";
				CLANG_CXX_LIBRARY = "libc++";
				CLANG_ENABLE_OBJC_ARC = YES;
				CLANG_WARN_CONSTANT_CONVERSION = YES;
				CLANG_WARN_EMPTY_BODY = YES;
				CLANG_WARN_ENUM_CONVERSION = YES;
				CLANG_WARN_INT_CONVERSION = YES;
				CLANG_WARN__DUPLICATE_METHOD_MATCH = YES;
				"CODE_SIGN_IDENTITY[sdk=iphoneos*]" = "iPhone Developer";
				COPY_PHASE_STRIP = NO;
				GCC_C_LANGUAGE_STANDARD = gnu99;
				GCC_DYNAMIC_NO_PIC = NO;
				GCC_OPTIMIZATION_LEVEL = 0;
				GCC_PREPROCESSOR_DEFINITIONS = (
					"DEBUG=1",
					"$(inherited)",
				);
				GCC_SYMBOLS_PRIVATE_EXTERN = NO;
				GCC_WARN_ABOUT_RETURN_TYPE = YES;
				GCC_WARN_UNINITIALIZED_AUTOS = YES;
				GCC_WARN_UNUSED_VARIABLE = YES;
				IPHONEOS_DEPLOYMENT_TARGET = 6.1;
				ONLY_ACTIVE_ARCH = YES;
				SDKROOT = iphoneos;
			};
			name = Debug;
		};
		03E06ACD174B06A200033ADE /* Release */ = {
			isa = XCBuildConfiguration;
			buildSettings = {
				ALWAYS_SEARCH_USER_PATHS = NO;
				CLANG_CXX_LANGUAGE_STANDARD = "gnu++0x";
				CLANG_CXX_LIBRARY = "libc++";
				CLANG_ENABLE_OBJC_ARC = YES;
				CLANG_WARN_CONSTANT_CONVERSION = YES;
				CLANG_WARN_EMPTY_BODY = YES;
				CLANG_WARN_ENUM_CONVERSION = YES;
				CLANG_WARN_INT_CONVERSION = YES;
				CLANG_WARN__DUPLICATE_METHOD_MATCH = YES;
				"CODE_SIGN_IDENTITY[sdk=iphoneos*]" = "iPhone Developer";
				COPY_PHASE_STRIP = YES;
				GCC_C_LANGUAGE_STANDARD = gnu99;
				GCC_WARN_ABOUT_RETURN_TYPE = YES;
				GCC_WARN_UNINITIALIZED_AUTOS = YES;
				GCC_WARN_UNUSED_VARIABLE = YES;
				IPHONEOS_DEPLOYMENT_TARGET = 6.1;
				OTHER_CFLAGS = "-DNS_BLOCK_ASSERTIONS=1";
				SDKROOT = iphoneos;
				VALIDATE_PRODUCT = YES;
			};
			name = Release;
		};
		03E06ACF174B06A200033ADE /* Debug */ = {
			isa = XCBuildConfiguration;
			buildSettings = {
				GCC_PRECOMPILE_PREFIX_HEADER = YES;
				GCC_PREFIX_HEADER = "Demo/Demo-Prefix.pch";
				INFOPLIST_FILE = "Demo/Demo-Info.plist";
				PRODUCT_NAME = "$(TARGET_NAME)";
				WRAPPER_EXTENSION = app;
			};
			name = Debug;
		};
		03E06AD0174B06A200033ADE /* Release */ = {
			isa = XCBuildConfiguration;
			buildSettings = {
				GCC_PRECOMPILE_PREFIX_HEADER = YES;
				GCC_PREFIX_HEADER = "Demo/Demo-Prefix.pch";
				INFOPLIST_FILE = "Demo/Demo-Info.plist";
				PRODUCT_NAME = "$(TARGET_NAME)";
				WRAPPER_EXTENSION = app;
			};
			name = Release;
		};
/* End XCBuildConfiguration section */

/* Begin XCConfigurationList section */
		03E06AA6174B06A200033ADE /* Build configuration list for PBXProject "Demo" */ = {
			isa = XCConfigurationList;
			buildConfigurations = (
				03E06ACC174B06A200033ADE /* Debug */,
				03E06ACD174B06A200033ADE /* Release */,
			);
			defaultConfigurationIsVisible = 0;
			defaultConfigurationName = Release;
		};
		03E06ACE174B06A200033ADE /* Build configuration list for PBXNativeTarget "Demo" */ = {
			isa = XCConfigurationList;
			buildConfigurations = (
				03E06ACF174B06A200033ADE /* Debug */,
				03E06AD0174B06A200033ADE /* Release */,
			);
			defaultConfigurationIsVisible = 0;
			defaultConfigurationName = Release;
		};
/* End XCConfigurationList section */
	};
	rootObject = 03E06AA3174B06A200033ADE /* Project object */;
}
